
Microsoft Visual Studio Solution File, Format Version 12.00
# Visual Studio Version 17
VisualStudioVersion = 17.11.35303.130
MinimumVisualStudioVersion = 10.0.40219.1
Project("{888888A0-9F3D-457C-B088-3A5042F75D52}") = "CarWash", "CarWash.pyproj", "{151B9416-8DED-491C-92D8-9D9BB32982F8}"
EndProject
Global
	GlobalSection(SolutionConfigurationPlatforms) = preSolution
		Debug|Any CPU = Debug|Any CPU
		Release|Any CPU = Release|Any CPU
	EndGlobalSection
	GlobalSection(ProjectConfigurationPlatforms) = postSolution
		{151B9416-8DED-491C-92D8-9D9BB32982F8}.Debug|Any CPU.ActiveCfg = Debug|Any CPU
		{151B9416-8DED-491C-92D8-9D9BB32982F8}.Debug|Any CPU.Build.0 = Debug|Any CPU
		{151B9416-8DED-491C-92D8-9D9BB32982F8}.Release|Any CPU.ActiveCfg = Release|Any CPU
		{151B9416-8DED-491C-92D8-9D9BB32982F8}.Release|Any CPU.Build.0 = Release|Any CPU
	EndGlobalSection
	GlobalSection(SolutionProperties) = preSolution
		HideSolutionNode = FALSE
	EndGlobalSection
	GlobalSection(ExtensibilityGlobals) = postSolution
		SolutionGuid = {B283D4A1-DEEE-4A3A-8561-C1541B59C20B}
	EndGlobalSection
EndGlobal
